
Microsoft Visual Studio Solution File, Format Version 12.00
# Visual Studio 2012
Project("{FAE04EC0-301F-11D3-BF4B-00C04F79EFBC}") = "FootballClubsServer", "FootballClubsServer\FootballClubsServer.csproj", "{8F8D3DAC-CE5D-4F9F-8A3D-B5BE108B6E74}"
EndProject
Project("{FAE04EC0-301F-11D3-BF4B-00C04F79EFBC}") = "FootballClubsClient", "..\FootballClubsClient\FootballClubsClient.csproj", "{20BEC024-7942-47BA-AAC8-04C2A423EB48}"
EndProject
Global
	GlobalSection(SolutionConfigurationPlatforms) = preSolution
		Debug|Any CPU = Debug|Any CPU
		Release|Any CPU = Release|Any CPU
	EndGlobalSection
	GlobalSection(ProjectConfigurationPlatforms) = postSolution
		{8F8D3DAC-CE5D-4F9F-8A3D-B5BE108B6E74}.Debug|Any CPU.ActiveCfg = Debug|Any CPU
		{8F8D3DAC-CE5D-4F9F-8A3D-B5BE108B6E74}.Debug|Any CPU.Build.0 = Debug|Any CPU
		{8F8D3DAC-CE5D-4F9F-8A3D-B5BE108B6E74}.Release|Any CPU.ActiveCfg = Release|Any CPU
		{8F8D3DAC-CE5D-4F9F-8A3D-B5BE108B6E74}.Release|Any CPU.Build.0 = Release|Any CPU
		{20BEC024-7942-47BA-AAC8-04C2A423EB48}.Debug|Any CPU.ActiveCfg = Debug|Any CPU
		{20BEC024-7942-47BA-AAC8-04C2A423EB48}.Debug|Any CPU.Build.0 = Debug|Any CPU
		{20BEC024-7942-47BA-AAC8-04C2A423EB48}.Release|Any CPU.ActiveCfg = Release|Any CPU
		{20BEC024-7942-47BA-AAC8-04C2A423EB48}.Release|Any CPU.Build.0 = Release|Any CPU
	EndGlobalSection
	GlobalSection(SolutionProperties) = preSolution
		HideSolutionNode = FALSE
	EndGlobalSection
EndGlobal
